
Microsoft Visual Studio Solution File, Format Version 12.00
# Visual Studio 15
VisualStudioVersion = 15.0.27703.2026
MinimumVisualStudioVersion = 10.0.40219.1
Project("{FAE04EC0-301F-11D3-BF4B-00C04F79EFBC}") = "Calculator", "Calculator\Calculator.csproj", "{844ACBCE-85EB-4D4D-AD16-72D7A7100219}"
EndProject
Global
	GlobalSection(SolutionConfigurationPlatforms) = preSolution
		Debug|Any CPU = Debug|Any CPU
		Release|Any CPU = Release|Any CPU
	EndGlobalSection
	GlobalSection(ProjectConfigurationPlatforms) = postSolution
		{844ACBCE-85EB-4D4D-AD16-72D7A7100219}.Debug|Any CPU.ActiveCfg = Debug|Any CPU
		{844ACBCE-85EB-4D4D-AD16-72D7A7100219}.Debug|Any CPU.Build.0 = Debug|Any CPU
		{844ACBCE-85EB-4D4D-AD16-72D7A7100219}.Release|Any CPU.ActiveCfg = Release|Any CPU
		{844ACBCE-85EB-4D4D-AD16-72D7A7100219}.Release|Any CPU.Build.0 = Release|Any CPU
	EndGlobalSection
	GlobalSection(SolutionProperties) = preSolution
		HideSolutionNode = FALSE
	EndGlobalSection
	GlobalSection(ExtensibilityGlobals) = postSolution
		SolutionGuid = {FE4853E6-8988-41EE-BD44-D1C0331D007A}
	EndGlobalSection
EndGlobal
